// !$*UTF8*$!
{
	archiveVersion = 1;
	classes = {
	};
	objectVersion = 46;
	objects = {

/* Begin PBXBuildFile section */
		04E7066F1BCDE2030076B275 /* main.m in Sources */ = {isa = PBXBuildFile; fileRef = 04E7066E1BCDE2030076B275 /* main.m */; };
		04E706721BCDE2030076B275 /* AppDelegate.m in Sources */ = {isa = PBXBuildFile; fileRef = 04E706711BCDE2030076B275 /* AppDelegate.m */; };
		04E706751BCDE2030076B275 /* ____.xcdatamodeld in Sources */ = {isa = PBXBuildFile; fileRef = 04E706731BCDE2030076B275 /* ____.xcdatamodeld */; };
		04E706781BCDE2030076B275 /* ViewController.m in Sources */ = {isa = PBXBuildFile; fileRef = 04E706771BCDE2030076B275 /* ViewController.m */; };
		04E7067B1BCDE2030076B275 /* Main.storyboard in Resources */ = {isa = PBXBuildFile; fileRef = 04E706791BCDE2030076B275 /* Main.storyboard */; };
		04E7067D1BCDE2030076B275 /* Images.xcassets in Resources */ = {isa = PBXBuildFile; fileRef = 04E7067C1BCDE2030076B275 /* Images.xcassets */; };
		04E706801BCDE2030076B275 /* LaunchScreen.xib in Resources */ = {isa = PBXBuildFile; fileRef = 04E7067E1BCDE2030076B275 /* LaunchScreen.xib */; };
		04E7068C1BCDE2030076B275 /* ____Tests.m in Sources */ = {isa = PBXBuildFile; fileRef = 04E7068B1BCDE2030076B275 /* ____Tests.m */; };
		04E706971BCDE36E0076B275 /* config.m in Sources */ = {isa = PBXBuildFile; fileRef = 04E706961BCDE36E0076B275 /* config.m */; };
/* End PBXBuildFile section */

/* Begin PBXContainerItemProxy section */
		04E706861BCDE2030076B275 /* PBXContainerItemProxy */ = {
			isa = PBXContainerItemProxy;
			containerPortal = 04E706611BCDE2030076B275 /* Project object */;
			proxyType = 1;
			remoteGlobalIDString = 04E706681BCDE2030076B275;
			remoteInfo = "单例练习";
		};
/* End PBXContainerItemProxy section */

/* Begin PBXFileReference section */
		04E706691BCDE2030076B275 /* 单例练习.app */ = {isa = PBXFileReference; explicitFileType = wrapper.application; includeInIndex = 0; path = "单例练习.app"; sourceTree = BUILT_PRODUCTS_DIR; };
		04E7066D1BCDE2030076B275 /* Info.plist */ = {isa = PBXFileReference; lastKnownFileType = text.plist.xml; path = Info.plist; sourceTree = "<group>"; };
		04E7066E1BCDE2030076B275 /* main.m */ = {isa = PBXFileReference; lastKnownFileType = sourcecode.c.objc; path = main.m; sourceTree = "<group>"; };
		04E706701BCDE2030076B275 /* AppDelegate.h */ = {isa = PBXFileReference; lastKnownFileType = sourcecode.c.h; path = AppDelegate.h; sourceTree = "<group>"; };
		04E706711BCDE2030076B275 /* AppDelegate.m */ = {isa = PBXFileReference; lastKnownFileType = sourcecode.c.objc; path = AppDelegate.m; sourceTree = "<group>"; };
		04E706741BCDE2030076B275 /* ____.xcdatamodel */ = {isa = PBXFileReference; lastKnownFileType = wrapper.xcdatamodel; path = "____.xcdatamodel"; sourceTree = "<group>"; };
		04E706761BCDE2030076B275 /* ViewController.h */ = {isa = PBXFileReference; lastKnownFileType = sourcecode.c.h; path = ViewController.h; sourceTree = "<group>"; };
		04E706771BCDE2030076B275 /* ViewController.m */ = {isa = PBXFileReference; lastKnownFileType = sourcecode.c.objc; path = ViewController.m; sourceTree = "<group>"; };
		04E7067A1BCDE2030076B275 /* Base */ = {isa = PBXFileReference; lastKnownFileType = file.storyboard; name = Base; path = Base.lproj/Main.storyboard; sourceTree = "<group>"; };
		04E7067C1BCDE2030076B275 /* Images.xcassets */ = {isa = PBXFileReference; lastKnownFileType = folder.assetcatalog; path = Images.xcassets; sourceTree = "<group>"; };
		04E7067F1BCDE2030076B275 /* Base */ = {isa = PBXFileReference; lastKnownFileType = file.xib; name = Base; path = Base.lproj/LaunchScreen.xib; sourceTree = "<group>"; };
		04E706851BCDE2030076B275 /* 单例练习Tests.xctest */ = {isa = PBXFileReference; explicitFileType = wrapper.cfbundle; includeInIndex = 0; path = "单例练习Tests.xctest"; sourceTree = BUILT_PRODUCTS_DIR; };
		04E7068A1BCDE2030076B275 /* Info.plist */ = {isa = PBXFileReference; lastKnownFileType = text.plist.xml; path = Info.plist; sourceTree = "<group>"; };
		04E7068B1BCDE2030076B275 /* ____Tests.m */ = {isa = PBXFileReference; lastKnownFileType = sourcecode.c.objc; path = "____Tests.m"; sourceTree = "<group>"; };
		04E706951BCDE36E0076B275 /* config.h */ = {isa = PBXFileReference; fileEncoding = 4; lastKnownFileType = sourcecode.c.h; path = config.h; sourceTree = "<group>"; };
		04E706961BCDE36E0076B275 /* config.m */ = {isa = PBXFileReference; fileEncoding = 4; lastKnownFileType = sourcecode.c.objc; path = config.m; sourceTree = "<group>"; };
/* End PBXFileReference section */

/* Begin PBXFrameworksBuildPhase section */
		04E706661BCDE2030076B275 /* Frameworks */ = {
			isa = PBXFrameworksBuildPhase;
			buildActionMask = 2147483647;
			files = (
			);
			runOnlyForDeploymentPostprocessing = 0;
		};
		04E706821BCDE2030076B275 /* Frameworks */ = {
			isa = PBXFrameworksBuildPhase;
			buildActionMask = 2147483647;
			files = (
			);
			runOnlyForDeploymentPostprocessing = 0;
		};
/* End PBXFrameworksBuildPhase section */

/* Begin PBXGroup section */
		04E706601BCDE2020076B275 = {
			isa = PBXGroup;
			children = (
				04E7066B1BCDE2030076B275 /* 单例练习 */,
				04E706881BCDE2030076B275 /* 单例练习Tests */,
				04E7066A1BCDE2030076B275 /* Products */,
			);
			sourceTree = "<group>";
		};
		04E7066A1BCDE2030076B275 /* Products */ = {
			isa = PBXGroup;
			children = (
				04E706691BCDE2030076B275 /* 单例练习.app */,
				04E706851BCDE2030076B275 /* 单例练习Tests.xctest */,
			);
			name = Products;
			sourceTree = "<group>";
		};
		04E7066B1BCDE2030076B275 /* 单例练习 */ = {
			isa = PBXGroup;
			children = (
				04E706701BCDE2030076B275 /* AppDelegate.h */,
				04E706711BCDE2030076B275 /* AppDelegate.m */,
				04E706761BCDE2030076B275 /* ViewController.h */,
				04E706771BCDE2030076B275 /* ViewController.m */,
				04E706791BCDE2030076B275 /* Main.storyboard */,
				04E706951BCDE36E0076B275 /* config.h */,
				04E706961BCDE36E0076B275 /* config.m */,
				04E7067C1BCDE2030076B275 /* Images.xcassets */,
				04E7067E1BCDE2030076B275 /* LaunchScreen.xib */,
				04E706731BCDE2030076B275 /* ____.xcdatamodeld */,
				04E7066C1BCDE2030076B275 /* Supporting Files */,
			);
			path = "单例练习";
			sourceTree = "<group>";
		};
		04E7066C1BCDE2030076B275 /* Supporting Files */ = {
			isa = PBXGroup;
			children = (
				04E7066D1BCDE2030076B275 /* Info.plist */,
				04E7066E1BCDE2030076B275 /* main.m */,
			);
			name = "Supporting Files";
			sourceTree = "<group>";
		};
		04E706881BCDE2030076B275 /* 单例练习Tests */ = {
			isa = PBXGroup;
			children = (
				04E7068B1BCDE2030076B275 /* ____Tests.m */,
				04E706891BCDE2030076B275 /* Supporting Files */,
			);
			path = "单例练习Tests";
			sourceTree = "<group>";
		};
		04E706891BCDE2030076B275 /* Supporting Files */ = {
			isa = PBXGroup;
			children = (
				04E7068A1BCDE2030076B275 /* Info.plist */,
			);
			name = "Supporting Files";
			sourceTree = "<group>";
		};
/* End PBXGroup section */

/* Begin PBXNativeTarget section */
		04E706681BCDE2030076B275 /* 单例练习 */ = {
			isa = PBXNativeTarget;
			buildConfigurationList = 04E7068F1BCDE2030076B275 /* Build configuration list for PBXNativeTarget "单例练习" */;
			buildPhases = (
				04E706651BCDE2030076B275 /* Sources */,
				04E706661BCDE2030076B275 /* Frameworks */,
				04E706671BCDE2030076B275 /* Resources */,
			);
			buildRules = (
			);
			dependencies = (
			);
			name = "单例练习";
			productName = "单例练习";
			productReference = 04E706691BCDE2030076B275 /* 单例练习.app */;
			productType = "com.apple.product-type.application";
		};
		04E706841BCDE2030076B275 /* 单例练习Tests */ = {
			isa = PBXNativeTarget;
			buildConfigurationList = 04E706921BCDE2030076B275 /* Build configuration list for PBXNativeTarget "单例练习Tests" */;
			buildPhases = (
				04E706811BCDE2030076B275 /* Sources */,
				04E706821BCDE2030076B275 /* Frameworks */,
				04E706831BCDE2030076B275 /* Resources */,
			);
			buildRules = (
			);
			dependencies = (
				04E706871BCDE2030076B275 /* PBXTargetDependency */,
			);
			name = "单例练习Tests";
			productName = "单例练习Tests";
			productReference = 04E706851BCDE2030076B275 /* 单例练习Tests.xctest */;
			productType = "com.apple.product-type.bundle.unit-test";
		};
/* End PBXNativeTarget section */

/* Begin PBXProject section */
		04E706611BCDE2030076B275 /* Project object */ = {
			isa = PBXProject;
			attributes = {
				LastUpgradeCheck = 0640;
				ORGANIZATIONNAME = mac;
				TargetAttributes = {
					04E706681BCDE2030076B275 = {
						CreatedOnToolsVersion = 6.4;
					};
					04E706841BCDE2030076B275 = {
						CreatedOnToolsVersion = 6.4;
						TestTargetID = 04E706681BCDE2030076B275;
					};
				};
			};
			buildConfigurationList = 04E706641BCDE2030076B275 /* Build configuration list for PBXProject "单例练习" */;
			compatibilityVersion = "Xcode 3.2";
			developmentRegion = English;
			hasScannedForEncodings = 0;
			knownRegions = (
				en,
				Base,
			);
			mainGroup = 04E706601BCDE2020076B275;
			productRefGroup = 04E7066A1BCDE2030076B275 /* Products */;
			projectDirPath = "";
			projectRoot = "";
			targets = (
				04E706681BCDE2030076B275 /* 单例练习 */,
				04E706841BCDE2030076B275 /* 单例练习Tests */,
			);
		};
/* End PBXProject section */

/* Begin PBXResourcesBuildPhase section */
		04E706671BCDE2030076B275 /* Resources */ = {
			isa = PBXResourcesBuildPhase;
			buildActionMask = 2147483647;
			files = (
				04E7067B1BCDE2030076B275 /* Main.storyboard in Resources */,
				04E706801BCDE2030076B275 /* LaunchScreen.xib in Resources */,
				04E7067D1BCDE2030076B275 /* Images.xcassets in Resources */,
			);
			runOnlyForDeploymentPostprocessing = 0;
		};
		04E706831BCDE2030076B275 /* Resources */ = {
			isa = PBXResourcesBuildPhase;
			buildActionMask = 2147483647;
			files = (
			);
			runOnlyForDeploymentPostprocessing = 0;
		};
/* End PBXResourcesBuildPhase section */

/* Begin PBXSourcesBuildPhase section */
		04E706651BCDE2030076B275 /* Sources */ = {
			isa = PBXSourcesBuildPhase;
			buildActionMask = 2147483647;
			files = (
				04E706721BCDE2030076B275 /* AppDelegate.m in Sources */,
				04E706751BCDE2030076B275 /* ____.xcdatamodeld in Sources */,
				04E706781BCDE2030076B275 /* ViewController.m in Sources */,
				04E7066F1BCDE2030076B275 /* main.m in Sources */,
				04E706971BCDE36E0076B275 /* config.m in Sources */,
			);
			runOnlyForDeploymentPostprocessing = 0;
		};
		04E706811BCDE2030076B275 /* Sources */ = {
			isa = PBXSourcesBuildPhase;
			buildActionMask = 2147483647;
			files = (
				04E7068C1BCDE2030076B275 /* ____Tests.m in Sources */,
			);
			runOnlyForDeploymentPostprocessing = 0;
		};
/* End PBXSourcesBuildPhase section */

/* Begin PBXTargetDependency section */
		04E706871BCDE2030076B275 /* PBXTargetDependency */ = {
			isa = PBXTargetDependency;
			target = 04E706681BCDE2030076B275 /* 单例练习 */;
			targetProxy = 04E706861BCDE2030076B275 /* PBXContainerItemProxy */;
		};
/* End PBXTargetDependency section */

/* Begin PBXVariantGroup section */
		04E706791BCDE2030076B275 /* Main.storyboard */ = {
			isa = PBXVariantGroup;
			children = (
				04E7067A1BCDE2030076B275 /* Base */,
			);
			name = Main.storyboard;
			sourceTree = "<group>";
		};
		04E7067E1BCDE2030076B275 /* LaunchScreen.xib */ = {
			isa = PBXVariantGroup;
			children = (
				04E7067F1BCDE2030076B275 /* Base */,
			);
			name = LaunchScreen.xib;
			sourceTree = "<group>";
		};
/* End PBXVariantGroup section */

/* Begin XCBuildConfiguration section */
		04E7068D1BCDE2030076B275 /* Debug */ = {
			isa = XCBuildConfiguration;
			buildSettings = {
				ALWAYS_SEARCH_USER_PATHS = NO;
				CLANG_CXX_LANGUAGE_STANDARD = "gnu++0x";
				CLANG_CXX_LIBRARY = "libc++";
				CLANG_ENABLE_MODULES = YES;
				CLANG_ENABLE_OBJC_ARC = YES;
				CLANG_WARN_BOOL_CONVERSION = YES;
				CLANG_WARN_CONSTANT_CONVERSION = YES;
				CLANG_WARN_DIRECT_OBJC_ISA_USAGE = YES_ERROR;
				CLANG_WARN_EMPTY_BODY = YES;
				CLANG_WARN_ENUM_CONVERSION = YES;
				CLANG_WARN_INT_CONVERSION = YES;
				CLANG_WARN_OBJC_ROOT_CLASS = YES_ERROR;
				CLANG_WARN_UNREACHABLE_CODE = YES;
				CLANG_WARN__DUPLICATE_METHOD_MATCH = YES;
				"CODE_SIGN_IDENTITY[sdk=iphoneos*]" = "iPhone Developer";
				COPY_PHASE_STRIP = NO;
				DEBUG_INFORMATION_FORMAT = "dwarf-with-dsym";
				ENABLE_STRICT_OBJC_MSGSEND = YES;
				GCC_C_LANGUAGE_STANDARD = gnu99;
				GCC_DYNAMIC_NO_PIC = NO;
				GCC_NO_COMMON_BLOCKS = YES;
				GCC_OPTIMIZATION_LEVEL = 0;
				GCC_PREPROCESSOR_DEFINITIONS = (
					"DEBUG=1",
					"$(inherited)",
				);
				GCC_SYMBOLS_PRIVATE_EXTERN = NO;
				GCC_WARN_64_TO_32_BIT_CONVERSION = YES;
				GCC_WARN_ABOUT_RETURN_TYPE = YES_ERROR;
				GCC_WARN_UNDECLARED_SELECTOR = YES;
				GCC_WARN_UNINITIALIZED_AUTOS = YES_AGGRESSIVE;
				GCC_WARN_UNUSED_FUNCTION = YES;
				GCC_WARN_UNUSED_VARIABLE = YES;
				IPHONEOS_DEPLOYMENT_TARGET = 8.4;
				MTL_ENABLE_DEBUG_INFO = YES;
				ONLY_ACTIVE_ARCH = YES;
				SDKROOT = iphoneos;
			};
			name = Debug;
		};
		04E7068E1BCDE2030076B275 /* Release */ = {
			isa = XCBuildConfiguration;
			buildSettings = {
				ALWAYS_SEARCH_USER_PATHS = NO;
				CLANG_CXX_LANGUAGE_STANDARD = "gnu++0x";
				CLANG_CXX_LIBRARY = "libc++";
				CLANG_ENABLE_MODULES = YES;
				CLANG_ENABLE_OBJC_ARC = YES;
				CLANG_WARN_BOOL_CONVERSION = YES;
				CLANG_WARN_CONSTANT_CONVERSION = YES;
				CLANG_WARN_DIRECT_OBJC_ISA_USAGE = YES_ERROR;
				CLANG_WARN_EMPTY_BODY = YES;
				CLANG_WARN_ENUM_CONVERSION = YES;
				CLANG_WARN_INT_CONVERSION = YES;
				CLANG_WARN_OBJC_ROOT_CLASS = YES_ERROR;
				CLANG_WARN_UNREACHABLE_CODE = YES;
				CLANG_WARN__DUPLICATE_METHOD_MATCH = YES;
				"CODE_SIGN_IDENTITY[sdk=iphoneos*]" = "iPhone Developer";
				COPY_PHASE_STRIP = NO;
				DEBUG_INFORMATION_FORMAT = "dwarf-with-dsym";
				ENABLE_NS_ASSERTIONS = NO;
				ENABLE_STRICT_OBJC_MSGSEND = YES;
				GCC_C_LANGUAGE_STANDARD = gnu99;
				GCC_NO_COMMON_BLOCKS = YES;
				GCC_WARN_64_TO_32_BIT_CONVERSION = YES;
				GCC_WARN_ABOUT_RETURN_TYPE = YES_ERROR;
				GCC_WARN_UNDECLARED_SELECTOR = YES;
				GCC_WARN_UNINITIALIZED_AUTOS = YES_AGGRESSIVE;
				GCC_WARN_UNUSED_FUNCTION = YES;
				GCC_WARN_UNUSED_VARIABLE = YES;
				IPHONEOS_DEPLOYMENT_TARGET = 8.4;
				MTL_ENABLE_DEBUG_INFO = NO;
				SDKROOT = iphoneos;
				VALIDATE_PRODUCT = YES;
			};
			name = Release;
		};
		04E706901BCDE2030076B275 /* Debug */ = {
			isa = XCBuildConfiguration;
			buildSettings = {
				ASSETCATALOG_COMPILER_APPICON_NAME = AppIcon;
				INFOPLIST_FILE = "单例练习/Info.plist";
				LD_RUNPATH_SEARCH_PATHS = "$(inherited) @executable_path/Frameworks";
				PRODUCT_NAME = "$(TARGET_NAME)";
			};
			name = Debug;
		};
		04E706911BCDE2030076B275 /* Release */ = {
			isa = XCBuildConfiguration;
			buildSettings = {
				ASSETCATALOG_COMPILER_APPICON_NAME = AppIcon;
				INFOPLIST_FILE = "单例练习/Info.plist";
				LD_RUNPATH_SEARCH_PATHS = "$(inherited) @executable_path/Frameworks";
				PRODUCT_NAME = "$(TARGET_NAME)";
			};
			name = Release;
		};
		04E706931BCDE2030076B275 /* Debug */ = {
			isa = XCBuildConfiguration;
			buildSettings = {
				BUNDLE_LOADER = "$(TEST_HOST)";
				FRAMEWORK_SEARCH_PATHS = (
					"$(SDKROOT)/Developer/Library/Frameworks",
					"$(inherited)",
				);
				GCC_PREPROCESSOR_DEFINITIONS = (
					"DEBUG=1",
					"$(inherited)",
				);
				INFOPLIST_FILE = "单例练习Tests/Info.plist";
				LD_RUNPATH_SEARCH_PATHS = "$(inherited) @executable_path/Frameworks @loader_path/Frameworks";
				PRODUCT_NAME = "$(TARGET_NAME)";
				TEST_HOST = "$(BUILT_PRODUCTS_DIR)/单例练习.app/单例练习";
			};
			name = Debug;
		};
		04E706941BCDE2030076B275 /* Release */ = {
			isa = XCBuildConfiguration;
			buildSettings = {
				BUNDLE_LOADER = "$(TEST_HOST)";
				FRAMEWORK_SEARCH_PATHS = (
					"$(SDKROOT)/Developer/Library/Frameworks",
					"$(inherited)",
				);
				INFOPLIST_FILE = "单例练习Tests/Info.plist";
				LD_RUNPATH_SEARCH_PATHS = "$(inherited) @executable_path/Frameworks @loader_path/Frameworks";
				PRODUCT_NAME = "$(TARGET_NAME)";
				TEST_HOST = "$(BUILT_PRODUCTS_DIR)/单例练习.app/单例练习";
			};
			name = Release;
		};
/* End XCBuildConfiguration section */

/* Begin XCConfigurationList section */
		04E706641BCDE2030076B275 /* Build configuration list for PBXProject "单例练习" */ = {
			isa = XCConfigurationList;
			buildConfigurations = (
				04E7068D1BCDE2030076B275 /* Debug */,
				04E7068E1BCDE2030076B275 /* Release */,
			);
			defaultConfigurationIsVisible = 0;
			defaultConfigurationName = Release;
		};
		04E7068F1BCDE2030076B275 /* Build configuration list for PBXNativeTarget "单例练习" */ = {
			isa = XCConfigurationList;
			buildConfigurations = (
				04E706901BCDE2030076B275 /* Debug */,
				04E706911BCDE2030076B275 /* Release */,
			);
			defaultConfigurationIsVisible = 0;
		};
		04E706921BCDE2030076B275 /* Build configuration list for PBXNativeTarget "单例练习Tests" */ = {
			isa = XCConfigurationList;
			buildConfigurations = (
				04E706931BCDE2030076B275 /* Debug */,
				04E706941BCDE2030076B275 /* Release */,
			);
			defaultConfigurationIsVisible = 0;
		};
/* End XCConfigurationList section */

/* Begin XCVersionGroup section */
		04E706731BCDE2030076B275 /* ____.xcdatamodeld */ = {
			isa = XCVersionGroup;
			children = (
				04E706741BCDE2030076B275 /* ____.xcdatamodel */,
			);
			currentVersion = 04E706741BCDE2030076B275 /* ____.xcdatamodel */;
			path = "____.xcdatamodeld";
			sourceTree = "<group>";
			versionGroupType = wrapper.xcdatamodel;
		};
/* End XCVersionGroup section */
	};
	rootObject = 04E706611BCDE2030076B275 /* Project object */;
}
